
Microsoft Visual Studio Solution File, Format Version 12.00
# Visual Studio Version 16
VisualStudioVersion = 16.0.29424.173
MinimumVisualStudioVersion = 10.0.40219.1
Project("{9A19103F-16F7-4668-BE54-9A1E7A4F7556}") = "Classes", "Classes.csproj", "{1A9D69D3-6934-463C-BBB9-A432AF7A99AF}"
EndProject
Project("{9A19103F-16F7-4668-BE54-9A1E7A4F7556}") = "Methods", "..\Methods\Methods.csproj", "{BE4825C5-BCE6-42B9-8541-3147C761CF92}"
EndProject
Project("{9A19103F-16F7-4668-BE54-9A1E7A4F7556}") = "Fields", "..\Fields\Fields.csproj", "{840F5D10-5FAA-404C-ADA3-7916F173A78B}"
EndProject
Project("{9A19103F-16F7-4668-BE54-9A1E7A4F7556}") = "Inheritance", "..\Inheritance\Inheritance.csproj", "{79F77A6E-380B-4CBC-BA2D-D18D77DF3923}"
EndProject
Project("{FAE04EC0-301F-11D3-BF4B-00C04F79EFBC}") = "Polymorphism", "..\Polymorphism\Polymorphism.csproj", "{9ED37A58-7DAC-457E-A771-C8AFEC0C26CB}"
EndProject
Global
	GlobalSection(SolutionConfigurationPlatforms) = preSolution
		Debug|Any CPU = Debug|Any CPU
		Release|Any CPU = Release|Any CPU
	EndGlobalSection
	GlobalSection(ProjectConfigurationPlatforms) = postSolution
		{1A9D69D3-6934-463C-BBB9-A432AF7A99AF}.Debug|Any CPU.ActiveCfg = Debug|Any CPU
		{1A9D69D3-6934-463C-BBB9-A432AF7A99AF}.Debug|Any CPU.Build.0 = Debug|Any CPU
		{1A9D69D3-6934-463C-BBB9-A432AF7A99AF}.Release|Any CPU.ActiveCfg = Release|Any CPU
		{1A9D69D3-6934-463C-BBB9-A432AF7A99AF}.Release|Any CPU.Build.0 = Release|Any CPU
		{BE4825C5-BCE6-42B9-8541-3147C761CF92}.Debug|Any CPU.ActiveCfg = Debug|Any CPU
		{BE4825C5-BCE6-42B9-8541-3147C761CF92}.Debug|Any CPU.Build.0 = Debug|Any CPU
		{BE4825C5-BCE6-42B9-8541-3147C761CF92}.Release|Any CPU.ActiveCfg = Release|Any CPU
		{BE4825C5-BCE6-42B9-8541-3147C761CF92}.Release|Any CPU.Build.0 = Release|Any CPU
		{840F5D10-5FAA-404C-ADA3-7916F173A78B}.Debug|Any CPU.ActiveCfg = Debug|Any CPU
		{840F5D10-5FAA-404C-ADA3-7916F173A78B}.Debug|Any CPU.Build.0 = Debug|Any CPU
		{840F5D10-5FAA-404C-ADA3-7916F173A78B}.Release|Any CPU.ActiveCfg = Release|Any CPU
		{840F5D10-5FAA-404C-ADA3-7916F173A78B}.Release|Any CPU.Build.0 = Release|Any CPU
		{79F77A6E-380B-4CBC-BA2D-D18D77DF3923}.Debug|Any CPU.ActiveCfg = Debug|Any CPU
		{79F77A6E-380B-4CBC-BA2D-D18D77DF3923}.Debug|Any CPU.Build.0 = Debug|Any CPU
		{79F77A6E-380B-4CBC-BA2D-D18D77DF3923}.Release|Any CPU.ActiveCfg = Release|Any CPU
		{79F77A6E-380B-4CBC-BA2D-D18D77DF3923}.Release|Any CPU.Build.0 = Release|Any CPU
		{9ED37A58-7DAC-457E-A771-C8AFEC0C26CB}.Debug|Any CPU.ActiveCfg = Debug|Any CPU
		{9ED37A58-7DAC-457E-A771-C8AFEC0C26CB}.Debug|Any CPU.Build.0 = Debug|Any CPU
		{9ED37A58-7DAC-457E-A771-C8AFEC0C26CB}.Release|Any CPU.ActiveCfg = Release|Any CPU
		{9ED37A58-7DAC-457E-A771-C8AFEC0C26CB}.Release|Any CPU.Build.0 = Release|Any CPU
	EndGlobalSection
	GlobalSection(SolutionProperties) = preSolution
		HideSolutionNode = FALSE
	EndGlobalSection
	GlobalSection(ExtensibilityGlobals) = postSolution
		SolutionGuid = {96FC202A-B4C3-47B7-A028-A505F7603DF2}
	EndGlobalSection
EndGlobal
